
Microsoft Visual Studio Solution File, Format Version 12.00
# Visual Studio Version 16
VisualStudioVersion = 16.0.29318.209
MinimumVisualStudioVersion = 10.0.40219.1
Project("{9A19103F-16F7-4668-BE54-9A1E7A4F7556}") = "Blog.Api", "Blog.Api\Blog.Api.csproj", "{1A3E1ED8-1E66-4410-81CB-FA4B094660EE}"
EndProject
Project("{9A19103F-16F7-4668-BE54-9A1E7A4F7556}") = "Blog.Core", "Blog.Core\Blog.Core.csproj", "{1160887B-3B78-4781-9341-9FE27F6B28A0}"
EndProject
Project("{9A19103F-16F7-4668-BE54-9A1E7A4F7556}") = "Blog.Infrastructure", "Blog.Infrastructure\Blog.Infrastructure.csproj", "{5B3134C1-6526-4865-B192-5358002E956E}"
EndProject
Project("{9A19103F-16F7-4668-BE54-9A1E7A4F7556}") = "Blog.Common", "Blog.Common\Blog.Common.csproj", "{72C3E3F5-F6ED-4180-B1FD-316ACCFEC575}"
EndProject
Project("{9A19103F-16F7-4668-BE54-9A1E7A4F7556}") = "Blog.UnitTests", "Blog.UnitTests\Blog.UnitTests.csproj", "{A2D767CF-1FC5-4A70-8C33-49A7518712D7}"
EndProject
Project("{FAE04EC0-301F-11D3-BF4B-00C04F79EFBC}") = "Blog.IntegrationTests", "Blog.IntegrationTests\Blog.IntegrationTests.csproj", "{09A40B10-0EED-4201-846C-CB01FBF713F6}"
EndProject
Global
	GlobalSection(SolutionConfigurationPlatforms) = preSolution
		Debug|Any CPU = Debug|Any CPU
		Release|Any CPU = Release|Any CPU
	EndGlobalSection
	GlobalSection(ProjectConfigurationPlatforms) = postSolution
		{1A3E1ED8-1E66-4410-81CB-FA4B094660EE}.Debug|Any CPU.ActiveCfg = Debug|Any CPU
		{1A3E1ED8-1E66-4410-81CB-FA4B094660EE}.Debug|Any CPU.Build.0 = Debug|Any CPU
		{1A3E1ED8-1E66-4410-81CB-FA4B094660EE}.Release|Any CPU.ActiveCfg = Release|Any CPU
		{1A3E1ED8-1E66-4410-81CB-FA4B094660EE}.Release|Any CPU.Build.0 = Release|Any CPU
		{1160887B-3B78-4781-9341-9FE27F6B28A0}.Debug|Any CPU.ActiveCfg = Debug|Any CPU
		{1160887B-3B78-4781-9341-9FE27F6B28A0}.Debug|Any CPU.Build.0 = Debug|Any CPU
		{1160887B-3B78-4781-9341-9FE27F6B28A0}.Release|Any CPU.ActiveCfg = Release|Any CPU
		{1160887B-3B78-4781-9341-9FE27F6B28A0}.Release|Any CPU.Build.0 = Release|Any CPU
		{5B3134C1-6526-4865-B192-5358002E956E}.Debug|Any CPU.ActiveCfg = Debug|Any CPU
		{5B3134C1-6526-4865-B192-5358002E956E}.Debug|Any CPU.Build.0 = Debug|Any CPU
		{5B3134C1-6526-4865-B192-5358002E956E}.Release|Any CPU.ActiveCfg = Release|Any CPU
		{5B3134C1-6526-4865-B192-5358002E956E}.Release|Any CPU.Build.0 = Release|Any CPU
		{72C3E3F5-F6ED-4180-B1FD-316ACCFEC575}.Debug|Any CPU.ActiveCfg = Debug|Any CPU
		{72C3E3F5-F6ED-4180-B1FD-316ACCFEC575}.Debug|Any CPU.Build.0 = Debug|Any CPU
		{72C3E3F5-F6ED-4180-B1FD-316ACCFEC575}.Release|Any CPU.ActiveCfg = Release|Any CPU
		{72C3E3F5-F6ED-4180-B1FD-316ACCFEC575}.Release|Any CPU.Build.0 = Release|Any CPU
		{A2D767CF-1FC5-4A70-8C33-49A7518712D7}.Debug|Any CPU.ActiveCfg = Debug|Any CPU
		{A2D767CF-1FC5-4A70-8C33-49A7518712D7}.Debug|Any CPU.Build.0 = Debug|Any CPU
		{A2D767CF-1FC5-4A70-8C33-49A7518712D7}.Release|Any CPU.ActiveCfg = Release|Any CPU
		{A2D767CF-1FC5-4A70-8C33-49A7518712D7}.Release|Any CPU.Build.0 = Release|Any CPU
		{09A40B10-0EED-4201-846C-CB01FBF713F6}.Debug|Any CPU.ActiveCfg = Debug|Any CPU
		{09A40B10-0EED-4201-846C-CB01FBF713F6}.Debug|Any CPU.Build.0 = Debug|Any CPU
		{09A40B10-0EED-4201-846C-CB01FBF713F6}.Release|Any CPU.ActiveCfg = Release|Any CPU
		{09A40B10-0EED-4201-846C-CB01FBF713F6}.Release|Any CPU.Build.0 = Release|Any CPU
	EndGlobalSection
	GlobalSection(SolutionProperties) = preSolution
		HideSolutionNode = FALSE
	EndGlobalSection
	GlobalSection(ExtensibilityGlobals) = postSolution
		SolutionGuid = {40CF5B8E-2526-4761-903E-7CE76D60AE9C}
	EndGlobalSection
EndGlobal
